
Microsoft Visual Studio Solution File, Format Version 12.00
# Visual Studio 15
VisualStudioVersion = 15.0.28307.329
MinimumVisualStudioVersion = 10.0.40219.1
Project("{FAE04EC0-301F-11D3-BF4B-00C04F79EFBC}") = "Task1", "Lab1\Task1.csproj", "{6EC29C02-107C-4C5C-9B7D-BF23F96CC6FA}"
EndProject
Project("{FAE04EC0-301F-11D3-BF4B-00C04F79EFBC}") = "Task2", "Task2\Task2.csproj", "{99D96E2D-759A-4AC0-8CCD-495C8FAE9566}"
EndProject
Project("{FAE04EC0-301F-11D3-BF4B-00C04F79EFBC}") = "Task3", "Task3\Task3.csproj", "{258F485A-67C5-48D0-913E-50EB1BA48D32}"
EndProject
Project("{FAE04EC0-301F-11D3-BF4B-00C04F79EFBC}") = "Task4", "Task4\Task4.csproj", "{5C19BC82-E228-40DD-B299-06BCC0D95C44}"
EndProject
Global
	GlobalSection(SolutionConfigurationPlatforms) = preSolution
		Debug|Any CPU = Debug|Any CPU
		Release|Any CPU = Release|Any CPU
	EndGlobalSection
	GlobalSection(ProjectConfigurationPlatforms) = postSolution
		{6EC29C02-107C-4C5C-9B7D-BF23F96CC6FA}.Debug|Any CPU.ActiveCfg = Debug|Any CPU
		{6EC29C02-107C-4C5C-9B7D-BF23F96CC6FA}.Debug|Any CPU.Build.0 = Debug|Any CPU
		{6EC29C02-107C-4C5C-9B7D-BF23F96CC6FA}.Release|Any CPU.ActiveCfg = Release|Any CPU
		{6EC29C02-107C-4C5C-9B7D-BF23F96CC6FA}.Release|Any CPU.Build.0 = Release|Any CPU
		{99D96E2D-759A-4AC0-8CCD-495C8FAE9566}.Debug|Any CPU.ActiveCfg = Debug|Any CPU
		{99D96E2D-759A-4AC0-8CCD-495C8FAE9566}.Debug|Any CPU.Build.0 = Debug|Any CPU
		{99D96E2D-759A-4AC0-8CCD-495C8FAE9566}.Release|Any CPU.ActiveCfg = Release|Any CPU
		{99D96E2D-759A-4AC0-8CCD-495C8FAE9566}.Release|Any CPU.Build.0 = Release|Any CPU
		{258F485A-67C5-48D0-913E-50EB1BA48D32}.Debug|Any CPU.ActiveCfg = Debug|Any CPU
		{258F485A-67C5-48D0-913E-50EB1BA48D32}.Debug|Any CPU.Build.0 = Debug|Any CPU
		{258F485A-67C5-48D0-913E-50EB1BA48D32}.Release|Any CPU.ActiveCfg = Release|Any CPU
		{258F485A-67C5-48D0-913E-50EB1BA48D32}.Release|Any CPU.Build.0 = Release|Any CPU
		{5C19BC82-E228-40DD-B299-06BCC0D95C44}.Debug|Any CPU.ActiveCfg = Debug|Any CPU
		{5C19BC82-E228-40DD-B299-06BCC0D95C44}.Debug|Any CPU.Build.0 = Debug|Any CPU
		{5C19BC82-E228-40DD-B299-06BCC0D95C44}.Release|Any CPU.ActiveCfg = Release|Any CPU
		{5C19BC82-E228-40DD-B299-06BCC0D95C44}.Release|Any CPU.Build.0 = Release|Any CPU
	EndGlobalSection
	GlobalSection(SolutionProperties) = preSolution
		HideSolutionNode = FALSE
	EndGlobalSection
	GlobalSection(ExtensibilityGlobals) = postSolution
		SolutionGuid = {6BE3B299-D8C1-46D2-931E-D6A27A14E82F}
	EndGlobalSection
EndGlobal
