
Microsoft Visual Studio Solution File, Format Version 12.00
# Visual Studio 15
VisualStudioVersion = 15.0.28307.421
MinimumVisualStudioVersion = 10.0.40219.1
Project("{FAE04EC0-301F-11D3-BF4B-00C04F79EFBC}") = "Task1", "Task1\Task1.csproj", "{6497A9DE-E2C0-45CA-8E08-622517493BFA}"
EndProject
Project("{FAE04EC0-301F-11D3-BF4B-00C04F79EFBC}") = "Task2", "Task2\Task2.csproj", "{25B1B0CC-1F7E-4713-983F-F82828F4BCA3}"
EndProject
Project("{FAE04EC0-301F-11D3-BF4B-00C04F79EFBC}") = "Task3", "Task3\Task3.csproj", "{B7B00FB8-9539-40BB-9C13-D8AD80EC5155}"
EndProject
Project("{FAE04EC0-301F-11D3-BF4B-00C04F79EFBC}") = "Task4", "Task4\Task4.csproj", "{11628CB9-8B3E-4DC9-8BE7-52F854954C2A}"
EndProject
Global
	GlobalSection(SolutionConfigurationPlatforms) = preSolution
		Debug|Any CPU = Debug|Any CPU
		Release|Any CPU = Release|Any CPU
	EndGlobalSection
	GlobalSection(ProjectConfigurationPlatforms) = postSolution
		{6497A9DE-E2C0-45CA-8E08-622517493BFA}.Debug|Any CPU.ActiveCfg = Debug|Any CPU
		{6497A9DE-E2C0-45CA-8E08-622517493BFA}.Debug|Any CPU.Build.0 = Debug|Any CPU
		{6497A9DE-E2C0-45CA-8E08-622517493BFA}.Release|Any CPU.ActiveCfg = Release|Any CPU
		{6497A9DE-E2C0-45CA-8E08-622517493BFA}.Release|Any CPU.Build.0 = Release|Any CPU
		{25B1B0CC-1F7E-4713-983F-F82828F4BCA3}.Debug|Any CPU.ActiveCfg = Debug|Any CPU
		{25B1B0CC-1F7E-4713-983F-F82828F4BCA3}.Debug|Any CPU.Build.0 = Debug|Any CPU
		{25B1B0CC-1F7E-4713-983F-F82828F4BCA3}.Release|Any CPU.ActiveCfg = Release|Any CPU
		{25B1B0CC-1F7E-4713-983F-F82828F4BCA3}.Release|Any CPU.Build.0 = Release|Any CPU
		{B7B00FB8-9539-40BB-9C13-D8AD80EC5155}.Debug|Any CPU.ActiveCfg = Debug|Any CPU
		{B7B00FB8-9539-40BB-9C13-D8AD80EC5155}.Debug|Any CPU.Build.0 = Debug|Any CPU
		{B7B00FB8-9539-40BB-9C13-D8AD80EC5155}.Release|Any CPU.ActiveCfg = Release|Any CPU
		{B7B00FB8-9539-40BB-9C13-D8AD80EC5155}.Release|Any CPU.Build.0 = Release|Any CPU
		{11628CB9-8B3E-4DC9-8BE7-52F854954C2A}.Debug|Any CPU.ActiveCfg = Debug|Any CPU
		{11628CB9-8B3E-4DC9-8BE7-52F854954C2A}.Debug|Any CPU.Build.0 = Debug|Any CPU
		{11628CB9-8B3E-4DC9-8BE7-52F854954C2A}.Release|Any CPU.ActiveCfg = Release|Any CPU
		{11628CB9-8B3E-4DC9-8BE7-52F854954C2A}.Release|Any CPU.Build.0 = Release|Any CPU
	EndGlobalSection
	GlobalSection(SolutionProperties) = preSolution
		HideSolutionNode = FALSE
	EndGlobalSection
	GlobalSection(ExtensibilityGlobals) = postSolution
		SolutionGuid = {64B368D5-193E-4D8A-9971-95ECE47BC11B}
	EndGlobalSection
EndGlobal
